// !$*UTF8*$!
{
	archiveVersion = 1;
	classes = {
	};
	objectVersion = 50;
	objects = {

/* Begin PBXBuildFile section */
		579F005322F86F23002B6359 /* AppDelegate.swift in Sources */ = {isa = PBXBuildFile; fileRef = 579F005222F86F23002B6359 /* AppDelegate.swift */; };
		579F005A22F86F24002B6359 /* Assets.xcassets in Resources */ = {isa = PBXBuildFile; fileRef = 579F005922F86F24002B6359 /* Assets.xcassets */; };
		579F005D22F86F24002B6359 /* LaunchScreen.storyboard in Resources */ = {isa = PBXBuildFile; fileRef = 579F005B22F86F24002B6359 /* LaunchScreen.storyboard */; };
		579F006D22F86FB7002B6359 /* CameraViewController.swift in Sources */ = {isa = PBXBuildFile; fileRef = 579F006C22F86FB7002B6359 /* CameraViewController.swift */; };
		579F006F22F86FC7002B6359 /* CameraView.swift in Sources */ = {isa = PBXBuildFile; fileRef = 579F006E22F86FC7002B6359 /* CameraView.swift */; };
		5D7548B2EF3B8DFF7AD983A0 /* Pods_Camera_Example.framework in Frameworks */ = {isa = PBXBuildFile; fileRef = 31936EA3B6E88D1C99AA4CA1 /* Pods_Camera_Example.framework */; };
/* End PBXBuildFile section */

/* Begin PBXFileReference section */
		1B7E672FA82A10B0DB7B615F /* Pods-Camera Example.debug.xcconfig */ = {isa = PBXFileReference; includeInIndex = 1; lastKnownFileType = text.xcconfig; name = "Pods-Camera Example.debug.xcconfig"; path = "Target Support Files/Pods-Camera Example/Pods-Camera Example.debug.xcconfig"; sourceTree = "<group>"; };
		31936EA3B6E88D1C99AA4CA1 /* Pods_Camera_Example.framework */ = {isa = PBXFileReference; explicitFileType = wrapper.framework; includeInIndex = 0; path = Pods_Camera_Example.framework; sourceTree = BUILT_PRODUCTS_DIR; };
		44514BFD8CC776245A1A3AE4 /* Pods-Camera Example.release.xcconfig */ = {isa = PBXFileReference; includeInIndex = 1; lastKnownFileType = text.xcconfig; name = "Pods-Camera Example.release.xcconfig"; path = "Target Support Files/Pods-Camera Example/Pods-Camera Example.release.xcconfig"; sourceTree = "<group>"; };
		579F004F22F86F23002B6359 /* Camera Example.app */ = {isa = PBXFileReference; explicitFileType = wrapper.application; includeInIndex = 0; path = "Camera Example.app"; sourceTree = BUILT_PRODUCTS_DIR; };
		579F005222F86F23002B6359 /* AppDelegate.swift */ = {isa = PBXFileReference; lastKnownFileType = sourcecode.swift; path = AppDelegate.swift; sourceTree = "<group>"; };
		579F005922F86F24002B6359 /* Assets.xcassets */ = {isa = PBXFileReference; lastKnownFileType = folder.assetcatalog; path = Assets.xcassets; sourceTree = "<group>"; };
		579F005C22F86F24002B6359 /* Base */ = {isa = PBXFileReference; lastKnownFileType = file.storyboard; name = Base; path = Base.lproj/LaunchScreen.storyboard; sourceTree = "<group>"; };
		579F005E22F86F24002B6359 /* Info.plist */ = {isa = PBXFileReference; lastKnownFileType = text.plist.xml; path = Info.plist; sourceTree = "<group>"; };
		579F006C22F86FB7002B6359 /* CameraViewController.swift */ = {isa = PBXFileReference; lastKnownFileType = sourcecode.swift; path = CameraViewController.swift; sourceTree = "<group>"; };
		579F006E22F86FC7002B6359 /* CameraView.swift */ = {isa = PBXFileReference; lastKnownFileType = sourcecode.swift; path = CameraView.swift; sourceTree = "<group>"; };
/* End PBXFileReference section */

/* Begin PBXFrameworksBuildPhase section */
		579F004C22F86F23002B6359 /* Frameworks */ = {
			isa = PBXFrameworksBuildPhase;
			buildActionMask = 2147483647;
			files = (
				5D7548B2EF3B8DFF7AD983A0 /* Pods_Camera_Example.framework in Frameworks */,
			);
			runOnlyForDeploymentPostprocessing = 0;
		};
/* End PBXFrameworksBuildPhase section */

/* Begin PBXGroup section */
		579F004622F86F23002B6359 = {
			isa = PBXGroup;
			children = (
				579F005122F86F23002B6359 /* Camera Example */,
				579F005022F86F23002B6359 /* Products */,
				C4C31DBDCED060DAF8468E94 /* Pods */,
				D7BD71FE766A4380516FA3F7 /* Frameworks */,
			);
			sourceTree = "<group>";
		};
		579F005022F86F23002B6359 /* Products */ = {
			isa = PBXGroup;
			children = (
				579F004F22F86F23002B6359 /* Camera Example.app */,
			);
			name = Products;
			sourceTree = "<group>";
		};
		579F005122F86F23002B6359 /* Camera Example */ = {
			isa = PBXGroup;
			children = (
				579F006622F86F5E002B6359 /* Support */,
				579F006522F86F57002B6359 /* Classes */,
				579F006422F86F4A002B6359 /* Resources */,
			);
			path = "Camera Example";
			sourceTree = "<group>";
		};
		579F006422F86F4A002B6359 /* Resources */ = {
			isa = PBXGroup;
			children = (
				579F006822F86F76002B6359 /* LaunchScreen */,
				579F006722F86F68002B6359 /* Assets */,
			);
			path = Resources;
			sourceTree = "<group>";
		};
		579F006522F86F57002B6359 /* Classes */ = {
			isa = PBXGroup;
			children = (
				579F006B22F86F94002B6359 /* ViewController */,
				579F006A22F86F8E002B6359 /* View */,
				579F006922F86F84002B6359 /* Delegates */,
			);
			path = Classes;
			sourceTree = "<group>";
		};
		579F006622F86F5E002B6359 /* Support */ = {
			isa = PBXGroup;
			children = (
				579F005E22F86F24002B6359 /* Info.plist */,
			);
			path = Support;
			sourceTree = "<group>";
		};
		579F006722F86F68002B6359 /* Assets */ = {
			isa = PBXGroup;
			children = (
				579F005922F86F24002B6359 /* Assets.xcassets */,
			);
			path = Assets;
			sourceTree = "<group>";
		};
		579F006822F86F76002B6359 /* LaunchScreen */ = {
			isa = PBXGroup;
			children = (
				579F005B22F86F24002B6359 /* LaunchScreen.storyboard */,
			);
			path = LaunchScreen;
			sourceTree = "<group>";
		};
		579F006922F86F84002B6359 /* Delegates */ = {
			isa = PBXGroup;
			children = (
				579F005222F86F23002B6359 /* AppDelegate.swift */,
			);
			path = Delegates;
			sourceTree = "<group>";
		};
		579F006A22F86F8E002B6359 /* View */ = {
			isa = PBXGroup;
			children = (
				579F006E22F86FC7002B6359 /* CameraView.swift */,
			);
			path = View;
			sourceTree = "<group>";
		};
		579F006B22F86F94002B6359 /* ViewController */ = {
			isa = PBXGroup;
			children = (
				579F006C22F86FB7002B6359 /* CameraViewController.swift */,
			);
			path = ViewController;
			sourceTree = "<group>";
		};
		C4C31DBDCED060DAF8468E94 /* Pods */ = {
			isa = PBXGroup;
			children = (
				1B7E672FA82A10B0DB7B615F /* Pods-Camera Example.debug.xcconfig */,
				44514BFD8CC776245A1A3AE4 /* Pods-Camera Example.release.xcconfig */,
			);
			name = Pods;
			path = Pods;
			sourceTree = "<group>";
		};
		D7BD71FE766A4380516FA3F7 /* Frameworks */ = {
			isa = PBXGroup;
			children = (
				31936EA3B6E88D1C99AA4CA1 /* Pods_Camera_Example.framework */,
			);
			name = Frameworks;
			sourceTree = "<group>";
		};
/* End PBXGroup section */

/* Begin PBXNativeTarget section */
		579F004E22F86F23002B6359 /* Camera Example */ = {
			isa = PBXNativeTarget;
			buildConfigurationList = 579F006122F86F24002B6359 /* Build configuration list for PBXNativeTarget "Camera Example" */;
			buildPhases = (
				1D91DF0507C252794084B721 /* [CP] Check Pods Manifest.lock */,
				579F004B22F86F23002B6359 /* Sources */,
				579F004C22F86F23002B6359 /* Frameworks */,
				579F004D22F86F23002B6359 /* Resources */,
				6E85B9B50815F88789C4855B /* [CP] Embed Pods Frameworks */,
			);
			buildRules = (
			);
			dependencies = (
			);
			name = "Camera Example";
			productName = "Camera Example";
			productReference = 579F004F22F86F23002B6359 /* Camera Example.app */;
			productType = "com.apple.product-type.application";
		};
/* End PBXNativeTarget section */

/* Begin PBXProject section */
		579F004722F86F23002B6359 /* Project object */ = {
			isa = PBXProject;
			attributes = {
				LastSwiftUpdateCheck = 1030;
				LastUpgradeCheck = 1030;
				ORGANIZATIONNAME = "Muhammed Karakul";
				TargetAttributes = {
					579F004E22F86F23002B6359 = {
						CreatedOnToolsVersion = 10.3;
					};
				};
			};
			buildConfigurationList = 579F004A22F86F23002B6359 /* Build configuration list for PBXProject "Camera Example" */;
			compatibilityVersion = "Xcode 9.3";
			developmentRegion = en;
			hasScannedForEncodings = 0;
			knownRegions = (
				en,
				Base,
			);
			mainGroup = 579F004622F86F23002B6359;
			productRefGroup = 579F005022F86F23002B6359 /* Products */;
			projectDirPath = "";
			projectRoot = "";
			targets = (
				579F004E22F86F23002B6359 /* Camera Example */,
			);
		};
/* End PBXProject section */

/* Begin PBXResourcesBuildPhase section */
		579F004D22F86F23002B6359 /* Resources */ = {
			isa = PBXResourcesBuildPhase;
			buildActionMask = 2147483647;
			files = (
				579F005D22F86F24002B6359 /* LaunchScreen.storyboard in Resources */,
				579F005A22F86F24002B6359 /* Assets.xcassets in Resources */,
			);
			runOnlyForDeploymentPostprocessing = 0;
		};
/* End PBXResourcesBuildPhase section */

/* Begin PBXShellScriptBuildPhase section */
		1D91DF0507C252794084B721 /* [CP] Check Pods Manifest.lock */ = {
			isa = PBXShellScriptBuildPhase;
			buildActionMask = 2147483647;
			files = (
			);
			inputFileListPaths = (
			);
			inputPaths = (
				"${PODS_PODFILE_DIR_PATH}/Podfile.lock",
				"${PODS_ROOT}/Manifest.lock",
			);
			name = "[CP] Check Pods Manifest.lock";
			outputFileListPaths = (
			);
			outputPaths = (
				"$(DERIVED_FILE_DIR)/Pods-Camera Example-checkManifestLockResult.txt",
			);
			runOnlyForDeploymentPostprocessing = 0;
			shellPath = /bin/sh;
			shellScript = "diff \"${PODS_PODFILE_DIR_PATH}/Podfile.lock\" \"${PODS_ROOT}/Manifest.lock\" > /dev/null\nif [ $? != 0 ] ; then\n    # print error to STDERR\n    echo \"error: The sandbox is not in sync with the Podfile.lock. Run 'pod install' or update your CocoaPods installation.\" >&2\n    exit 1\nfi\n# This output is used by Xcode 'outputs' to avoid re-running this script phase.\necho \"SUCCESS\" > \"${SCRIPT_OUTPUT_FILE_0}\"\n";
			showEnvVarsInLog = 0;
		};
		6E85B9B50815F88789C4855B /* [CP] Embed Pods Frameworks */ = {
			isa = PBXShellScriptBuildPhase;
			buildActionMask = 2147483647;
			files = (
			);
			inputFileListPaths = (
				"${PODS_ROOT}/Target Support Files/Pods-Camera Example/Pods-Camera Example-frameworks-${CONFIGURATION}-input-files.xcfilelist",
			);
			name = "[CP] Embed Pods Frameworks";
			outputFileListPaths = (
				"${PODS_ROOT}/Target Support Files/Pods-Camera Example/Pods-Camera Example-frameworks-${CONFIGURATION}-output-files.xcfilelist",
			);
			runOnlyForDeploymentPostprocessing = 0;
			shellPath = /bin/sh;
			shellScript = "\"${PODS_ROOT}/Target Support Files/Pods-Camera Example/Pods-Camera Example-frameworks.sh\"\n";
			showEnvVarsInLog = 0;
		};
/* End PBXShellScriptBuildPhase section */

/* Begin PBXSourcesBuildPhase section */
		579F004B22F86F23002B6359 /* Sources */ = {
			isa = PBXSourcesBuildPhase;
			buildActionMask = 2147483647;
			files = (
				579F006F22F86FC7002B6359 /* CameraView.swift in Sources */,
				579F005322F86F23002B6359 /* AppDelegate.swift in Sources */,
				579F006D22F86FB7002B6359 /* CameraViewController.swift in Sources */,
			);
			runOnlyForDeploymentPostprocessing = 0;
		};
/* End PBXSourcesBuildPhase section */

/* Begin PBXVariantGroup section */
		579F005B22F86F24002B6359 /* LaunchScreen.storyboard */ = {
			isa = PBXVariantGroup;
			children = (
				579F005C22F86F24002B6359 /* Base */,
			);
			name = LaunchScreen.storyboard;
			sourceTree = "<group>";
		};
/* End PBXVariantGroup section */

/* Begin XCBuildConfiguration section */
		579F005F22F86F24002B6359 /* Debug */ = {
			isa = XCBuildConfiguration;
			buildSettings = {
				ALWAYS_SEARCH_USER_PATHS = NO;
				CLANG_ANALYZER_NONNULL = YES;
				CLANG_ANALYZER_NUMBER_OBJECT_CONVERSION = YES_AGGRESSIVE;
				CLANG_CXX_LANGUAGE_STANDARD = "gnu++14";
				CLANG_CXX_LIBRARY = "libc++";
				CLANG_ENABLE_MODULES = YES;
				CLANG_ENABLE_OBJC_ARC = YES;
				CLANG_ENABLE_OBJC_WEAK = YES;
				CLANG_WARN_BLOCK_CAPTURE_AUTORELEASING = YES;
				CLANG_WARN_BOOL_CONVERSION = YES;
				CLANG_WARN_COMMA = YES;
				CLANG_WARN_CONSTANT_CONVERSION = YES;
				CLANG_WARN_DEPRECATED_OBJC_IMPLEMENTATIONS = YES;
				CLANG_WARN_DIRECT_OBJC_ISA_USAGE = YES_ERROR;
				CLANG_WARN_DOCUMENTATION_COMMENTS = YES;
				CLANG_WARN_EMPTY_BODY = YES;
				CLANG_WARN_ENUM_CONVERSION = YES;
				CLANG_WARN_INFINITE_RECURSION = YES;
				CLANG_WARN_INT_CONVERSION = YES;
				CLANG_WARN_NON_LITERAL_NULL_CONVERSION = YES;
				CLANG_WARN_OBJC_IMPLICIT_RETAIN_SELF = YES;
				CLANG_WARN_OBJC_LITERAL_CONVERSION = YES;
				CLANG_WARN_OBJC_ROOT_CLASS = YES_ERROR;
				CLANG_WARN_RANGE_LOOP_ANALYSIS = YES;
				CLANG_WARN_STRICT_PROTOTYPES = YES;
				CLANG_WARN_SUSPICIOUS_MOVE = YES;
				CLANG_WARN_UNGUARDED_AVAILABILITY = YES_AGGRESSIVE;
				CLANG_WARN_UNREACHABLE_CODE = YES;
				CLANG_WARN__DUPLICATE_METHOD_MATCH = YES;
				CODE_SIGN_IDENTITY = "iPhone Developer";
				COPY_PHASE_STRIP = NO;
				DEBUG_INFORMATION_FORMAT = dwarf;
				ENABLE_STRICT_OBJC_MSGSEND = YES;
				ENABLE_TESTABILITY = YES;
				GCC_C_LANGUAGE_STANDARD = gnu11;
				GCC_DYNAMIC_NO_PIC = NO;
				GCC_NO_COMMON_BLOCKS = YES;
				GCC_OPTIMIZATION_LEVEL = 0;
				GCC_PREPROCESSOR_DEFINITIONS = (
					"DEBUG=1",
					"$(inherited)",
				);
				GCC_WARN_64_TO_32_BIT_CONVERSION = YES;
				GCC_WARN_ABOUT_RETURN_TYPE = YES_ERROR;
				GCC_WARN_UNDECLARED_SELECTOR = YES;
				GCC_WARN_UNINITIALIZED_AUTOS = YES_AGGRESSIVE;
				GCC_WARN_UNUSED_FUNCTION = YES;
				GCC_WARN_UNUSED_VARIABLE = YES;
				IPHONEOS_DEPLOYMENT_TARGET = 12.4;
				MTL_ENABLE_DEBUG_INFO = INCLUDE_SOURCE;
				MTL_FAST_MATH = YES;
				ONLY_ACTIVE_ARCH = YES;
				SDKROOT = iphoneos;
				SWIFT_ACTIVE_COMPILATION_CONDITIONS = DEBUG;
				SWIFT_OPTIMIZATION_LEVEL = "-Onone";
			};
			name = Debug;
		};
		579F006022F86F24002B6359 /* Release */ = {
			isa = XCBuildConfiguration;
			buildSettings = {
				ALWAYS_SEARCH_USER_PATHS = NO;
				CLANG_ANALYZER_NONNULL = YES;
				CLANG_ANALYZER_NUMBER_OBJECT_CONVERSION = YES_AGGRESSIVE;
				CLANG_CXX_LANGUAGE_STANDARD = "gnu++14";
				CLANG_CXX_LIBRARY = "libc++";
				CLANG_ENABLE_MODULES = YES;
				CLANG_ENABLE_OBJC_ARC = YES;
				CLANG_ENABLE_OBJC_WEAK = YES;
				CLANG_WARN_BLOCK_CAPTURE_AUTORELEASING = YES;
				CLANG_WARN_BOOL_CONVERSION = YES;
				CLANG_WARN_COMMA = YES;
				CLANG_WARN_CONSTANT_CONVERSION = YES;
				CLANG_WARN_DEPRECATED_OBJC_IMPLEMENTATIONS = YES;
				CLANG_WARN_DIRECT_OBJC_ISA_USAGE = YES_ERROR;
				CLANG_WARN_DOCUMENTATION_COMMENTS = YES;
				CLANG_WARN_EMPTY_BODY = YES;
				CLANG_WARN_ENUM_CONVERSION = YES;
				CLANG_WARN_INFINITE_RECURSION = YES;
				CLANG_WARN_INT_CONVERSION = YES;
				CLANG_WARN_NON_LITERAL_NULL_CONVERSION = YES;
				CLANG_WARN_OBJC_IMPLICIT_RETAIN_SELF = YES;
				CLANG_WARN_OBJC_LITERAL_CONVERSION = YES;
				CLANG_WARN_OBJC_ROOT_CLASS = YES_ERROR;
				CLANG_WARN_RANGE_LOOP_ANALYSIS = YES;
				CLANG_WARN_STRICT_PROTOTYPES = YES;
				CLANG_WARN_SUSPICIOUS_MOVE = YES;
				CLANG_WARN_UNGUARDED_AVAILABILITY = YES_AGGRESSIVE;
				CLANG_WARN_UNREACHABLE_CODE = YES;
				CLANG_WARN__DUPLICATE_METHOD_MATCH = YES;
				CODE_SIGN_IDENTITY = "iPhone Developer";
				COPY_PHASE_STRIP = NO;
				DEBUG_INFORMATION_FORMAT = "dwarf-with-dsym";
				ENABLE_NS_ASSERTIONS = NO;
				ENABLE_STRICT_OBJC_MSGSEND = YES;
				GCC_C_LANGUAGE_STANDARD = gnu11;
				GCC_NO_COMMON_BLOCKS = YES;
				GCC_WARN_64_TO_32_BIT_CONVERSION = YES;
				GCC_WARN_ABOUT_RETURN_TYPE = YES_ERROR;
				GCC_WARN_UNDECLARED_SELECTOR = YES;
				GCC_WARN_UNINITIALIZED_AUTOS = YES_AGGRESSIVE;
				GCC_WARN_UNUSED_FUNCTION = YES;
				GCC_WARN_UNUSED_VARIABLE = YES;
				IPHONEOS_DEPLOYMENT_TARGET = 12.4;
				MTL_ENABLE_DEBUG_INFO = NO;
				MTL_FAST_MATH = YES;
				SDKROOT = iphoneos;
				SWIFT_COMPILATION_MODE = wholemodule;
				SWIFT_OPTIMIZATION_LEVEL = "-O";
				VALIDATE_PRODUCT = YES;
			};
			name = Release;
		};
		579F006222F86F24002B6359 /* Debug */ = {
			isa = XCBuildConfiguration;
			baseConfigurationReference = 1B7E672FA82A10B0DB7B615F /* Pods-Camera Example.debug.xcconfig */;
			buildSettings = {
				ASSETCATALOG_COMPILER_APPICON_NAME = AppIcon;
				CODE_SIGN_STYLE = Automatic;
				DEVELOPMENT_TEAM = P3PB4F7F3W;
				INFOPLIST_FILE = "$(SRCROOT)/Camera Example/Support/Info.plist";
				IPHONEOS_DEPLOYMENT_TARGET = 8.0;
				LD_RUNPATH_SEARCH_PATHS = (
					"$(inherited)",
					"@executable_path/Frameworks",
				);
				PRODUCT_BUNDLE_IDENTIFIER = "com.muhammedkarakul.Camera-Example";
				PRODUCT_NAME = "$(TARGET_NAME)";
				SWIFT_VERSION = 5.0;
				TARGETED_DEVICE_FAMILY = 1;
			};
			name = Debug;
		};
		579F006322F86F24002B6359 /* Release */ = {
			isa = XCBuildConfiguration;
			baseConfigurationReference = 44514BFD8CC776245A1A3AE4 /* Pods-Camera Example.release.xcconfig */;
			buildSettings = {
				ASSETCATALOG_COMPILER_APPICON_NAME = AppIcon;
				CODE_SIGN_STYLE = Automatic;
				DEVELOPMENT_TEAM = P3PB4F7F3W;
				INFOPLIST_FILE = "$(SRCROOT)/Camera Example/Support/Info.plist";
				IPHONEOS_DEPLOYMENT_TARGET = 8.0;
				LD_RUNPATH_SEARCH_PATHS = (
					"$(inherited)",
					"@executable_path/Frameworks",
				);
				PRODUCT_BUNDLE_IDENTIFIER = "com.muhammedkarakul.Camera-Example";
				PRODUCT_NAME = "$(TARGET_NAME)";
				SWIFT_VERSION = 5.0;
				TARGETED_DEVICE_FAMILY = 1;
			};
			name = Release;
		};
/* End XCBuildConfiguration section */

/* Begin XCConfigurationList section */
		579F004A22F86F23002B6359 /* Build configuration list for PBXProject "Camera Example" */ = {
			isa = XCConfigurationList;
			buildConfigurations = (
				579F005F22F86F24002B6359 /* Debug */,
				579F006022F86F24002B6359 /* Release */,
			);
			defaultConfigurationIsVisible = 0;
			defaultConfigurationName = Release;
		};
		579F006122F86F24002B6359 /* Build configuration list for PBXNativeTarget "Camera Example" */ = {
			isa = XCConfigurationList;
			buildConfigurations = (
				579F006222F86F24002B6359 /* Debug */,
				579F006322F86F24002B6359 /* Release */,
			);
			defaultConfigurationIsVisible = 0;
			defaultConfigurationName = Release;
		};
/* End XCConfigurationList section */
	};
	rootObject = 579F004722F86F23002B6359 /* Project object */;
}
